
Microsoft Visual Studio Solution File, Format Version 12.00
# Visual Studio Version 16
VisualStudioVersion = 16.0.33801.447
MinimumVisualStudioVersion = 10.0.40219.1
Project("{FAE04EC0-301F-11D3-BF4B-00C04F79EFBC}") = "loop3", "loop3\loop3.csproj", "{730C361B-0E1B-4B07-A59A-E20083A7179A}"
EndProject
Global
	GlobalSection(SolutionConfigurationPlatforms) = preSolution
		Debug|Any CPU = Debug|Any CPU
		Release|Any CPU = Release|Any CPU
	EndGlobalSection
	GlobalSection(ProjectConfigurationPlatforms) = postSolution
		{730C361B-0E1B-4B07-A59A-E20083A7179A}.Debug|Any CPU.ActiveCfg = Debug|Any CPU
		{730C361B-0E1B-4B07-A59A-E20083A7179A}.Debug|Any CPU.Build.0 = Debug|Any CPU
		{730C361B-0E1B-4B07-A59A-E20083A7179A}.Release|Any CPU.ActiveCfg = Release|Any CPU
		{730C361B-0E1B-4B07-A59A-E20083A7179A}.Release|Any CPU.Build.0 = Release|Any CPU
	EndGlobalSection
	GlobalSection(SolutionProperties) = preSolution
		HideSolutionNode = FALSE
	EndGlobalSection
	GlobalSection(ExtensibilityGlobals) = postSolution
		SolutionGuid = {30830919-C365-456A-833F-AEEF31B83618}
	EndGlobalSection
EndGlobal
