
Microsoft Visual Studio Solution File, Format Version 12.00
# Visual Studio Version 16
VisualStudioVersion = 16.0.33801.447
MinimumVisualStudioVersion = 10.0.40219.1
Project("{FAE04EC0-301F-11D3-BF4B-00C04F79EFBC}") = "loop1", "loop1\loop1.csproj", "{26917845-55AE-4D93-90BB-E3FD1032E0CD}"
EndProject
Global
	GlobalSection(SolutionConfigurationPlatforms) = preSolution
		Debug|Any CPU = Debug|Any CPU
		Release|Any CPU = Release|Any CPU
	EndGlobalSection
	GlobalSection(ProjectConfigurationPlatforms) = postSolution
		{26917845-55AE-4D93-90BB-E3FD1032E0CD}.Debug|Any CPU.ActiveCfg = Debug|Any CPU
		{26917845-55AE-4D93-90BB-E3FD1032E0CD}.Debug|Any CPU.Build.0 = Debug|Any CPU
		{26917845-55AE-4D93-90BB-E3FD1032E0CD}.Release|Any CPU.ActiveCfg = Release|Any CPU
		{26917845-55AE-4D93-90BB-E3FD1032E0CD}.Release|Any CPU.Build.0 = Release|Any CPU
	EndGlobalSection
	GlobalSection(SolutionProperties) = preSolution
		HideSolutionNode = FALSE
	EndGlobalSection
	GlobalSection(ExtensibilityGlobals) = postSolution
		SolutionGuid = {CFCCD396-431D-4550-A5D5-6EBBC550EF01}
	EndGlobalSection
EndGlobal
